# This file is automatically @generated by Cargo.
# It is not intended for manual editing.
version = 4

[[package]]
name = "bit_field"
version = "0.10.3"
source = "registry+https://github.com/rust-lang/crates.io-index"
checksum = "1e4b40c7323adcfc0a41c4b88143ed58346ff65a288fc144329c5c45e05d70c6"

[[package]]
name = "bitflags"
version = "2.13.2"
source = "registry+https://github.com/rust-lang/crates.io-index"
checksum = "3ded4057c258ba199e2d26386d3af3780957ecaee6c4ef4041c6b4b8b97c0b06"

[[package]]
name = "bootloader"
version = "0.9.35"
source = "registry+https://github.com/rust-lang/crates.io-index"
checksum = "e22d5a0b9e11dd5bee9d24a68885de6dc7ed367f897323b1c1286150fd469374"

[[package]]
name = "const_fn"
version = "0.4.12"
source = "registry+https://github.com/rust-lang/crates.io-index"
checksum = "413d67b29ef1021b4d60f4aa1e925ca031751e213832b4b1d588fae623c05c60"

[[package]]
name = "rustversion"
version = "1.0.23"
source = "registry+https://github.com/rust-lang/crates.io-index"
checksum = "cf54715a573b99ac80df0bc206da022bcd442c974952c7b9720069370852e21f"

[[package]]
name = "volatile"
version = "0.4.6"
source = "registry+https://github.com/rust-lang/crates.io-index"
checksum = "442887c63f2c839b346c192d047a7c87e73d0689c9157b00b53dcc27dd5ea793"

[[package]]
name = "vsos"
version = "0.1.0"
dependencies = [
 "bootloader",
 "x86_64",
]

[[package]]
name = "x86_64"
version = "0.15.5"
source = "registry+https://github.com/rust-lang/crates.io-index"
checksum = "be4ec631e1a81d50e46c35a4a00322bd076c47491b64c2fb10a7ffa89002c697"
dependencies = [
 "bit_field",
 "bitflags",
 "const_fn",
 "rustversion",
 "volatile",
]
